{
    "_readme": [
        "This file locks the dependencies of your project to a known state",
        "Read more about it at https://getcomposer.org/doc/01-basic-usage.md#composer-lock-the-lock-file",
        "This file is @generated automatically"
    ],
    "hash": "6d10c09ce86bf0320cb576e124f95f67",
    "content-hash": "5d5b4c48b96efe5a44b4420dfb9fe5f4",
    "packages": [
        {
            "name": "facebook/webdriver",
            "version": "1.2.0",
            "source": {
                "type": "git",
                "url": "https://github.com/facebook/php-webdriver.git",
                "reference": "af21de3ae5306a8ca0bcc02a19735dadc43e83f3"
            },
            "dist": {
                "type": "zip",
                "url": "https://api.github.com/repos/facebook/php-webdriver/zipball/af21de3ae5306a8ca0bcc02a19735dadc43e83f3",
                "reference": "af21de3ae5306a8ca0bcc02a19735dadc43e83f3",
                "shasum": ""
            },
            "require": {
                "ext-curl": "*",
                "php": "^5.5 || ~7.0"
            },
            "require-dev": {
                "friendsofphp/php-cs-fixer": "^1.11",
                "php-mock/php-mock-phpunit": "^1.1",
                "phpunit/phpunit": "4.6.* || ~5.0",
                "squizlabs/php_codesniffer": "^2.6"
            },
            "suggest": {
                "phpdocumentor/phpdocumentor": "2.*"
            },
            "type": "library",
            "autoload": {
                "psr-4": {
                    "Facebook\\WebDriver\\": "lib/"
                }
            },
            "notification-url": "https://packagist.org/downloads/",
            "license": [
                "Apache-2.0"
            ],
            "description": "A PHP client for WebDriver",
            "homepage": "https://github.com/facebook/php-webdriver",
            "keywords": [
                "facebook",
                "php",
                "selenium",
                "webdriver"
            ],
            "time": "2016-10-14 15:16:51"
        }
    ],
    "packages-dev": [],
    "aliases": [],
    "minimum-stability": "stable",
    "stability-flags": [],
    "prefer-stable": false,
    "prefer-lowest": false,
    "platform": [],
    "platform-dev": []
}
